// !$*UTF8*$!
{
	archiveVersion = 1;
	classes = {
	};
	objectVersion = 46;
	objects = {

/* Begin PBXBuildFile section */
		4B1036F80834ACA9CAAE2E9D /* Pods.framework in Frameworks */ = {isa = PBXBuildFile; fileRef = 6FF91777C66CA8B3AEA3A477 /* Pods.framework */; settings = {ATTRIBUTES = (Weak, ); }; };
		F90582681ADE042E00B48C5F /* SFKAlamofire.swift in Sources */ = {isa = PBXBuildFile; fileRef = F90582671ADE042E00B48C5F /* SFKAlamofire.swift */; };
		F905826A1ADE046C00B48C5F /* SFKTopicDataProvider.swift in Sources */ = {isa = PBXBuildFile; fileRef = F90582691ADE046C00B48C5F /* SFKTopicDataProvider.swift */; };
		F905826C1ADE04AF00B48C5F /* SFKDomain.swift in Sources */ = {isa = PBXBuildFile; fileRef = F905826B1ADE04AF00B48C5F /* SFKDomain.swift */; };
		F90E38181ADCBCD30063B35D /* SFWebListController.swift in Sources */ = {isa = PBXBuildFile; fileRef = F90E38171ADCBCD30063B35D /* SFWebListController.swift */; };
		F90E381B1ADCC71C0063B35D /* SFUIWebController.swift in Sources */ = {isa = PBXBuildFile; fileRef = F90E381A1ADCC71C0063B35D /* SFUIWebController.swift */; };
		F90E381D1ADCC73B0063B35D /* SFWKWebController.swift in Sources */ = {isa = PBXBuildFile; fileRef = F90E381C1ADCC73B0063B35D /* SFWKWebController.swift */; };
		F90E38201ADCF7FD0063B35D /* SFTopicListCell.swift in Sources */ = {isa = PBXBuildFile; fileRef = F90E381F1ADCF7FD0063B35D /* SFTopicListCell.swift */; };
		F90E38221ADD06350063B35D /* SFKTopic.swift in Sources */ = {isa = PBXBuildFile; fileRef = F90E38211ADD06350063B35D /* SFKTopic.swift */; };
		F90E38241ADD1E3B0063B35D /* SFRLMResults.swift in Sources */ = {isa = PBXBuildFile; fileRef = F90E38231ADD1E3B0063B35D /* SFRLMResults.swift */; };
		F9136BC01AB914AF00B26448 /* SFArrayDataSource.swift in Sources */ = {isa = PBXBuildFile; fileRef = F9136BBF1AB914AF00B26448 /* SFArrayDataSource.swift */; };
		F913B69D1AE49F0200A9F402 /* SFSearchListController.swift in Sources */ = {isa = PBXBuildFile; fileRef = F913B69C1AE49F0200A9F402 /* SFSearchListController.swift */; };
		F913B6A21AE4D6E900A9F402 /* SFSearchController.swift in Sources */ = {isa = PBXBuildFile; fileRef = F913B6A11AE4D6E900A9F402 /* SFSearchController.swift */; };
		F913B6A41AE4DB1700A9F402 /* SFSearchDisplayController.swift in Sources */ = {isa = PBXBuildFile; fileRef = F913B6A31AE4DB1700A9F402 /* SFSearchDisplayController.swift */; };
		F9233EA91AC925E2009AD3EF /* SFCollectionLayout.swift in Sources */ = {isa = PBXBuildFile; fileRef = F9233EA81AC925E2009AD3EF /* SFCollectionLayout.swift */; };
		F94800ED1ADB695900F554FE /* SFJavaScriptCoreController.swift in Sources */ = {isa = PBXBuildFile; fileRef = F94800EC1ADB695900F554FE /* SFJavaScriptCoreController.swift */; };
		F94800EF1ADB6A5100F554FE /* SFAlamoFireMenuController.swift in Sources */ = {isa = PBXBuildFile; fileRef = F94800EE1ADB6A5100F554FE /* SFAlamoFireMenuController.swift */; };
		F94A1E741AD611F400B1C274 /* SFNotificationCenterController.swift in Sources */ = {isa = PBXBuildFile; fileRef = F94A1E731AD611F400B1C274 /* SFNotificationCenterController.swift */; };
		F94A1E761AD613DC00B1C274 /* SFRealmController.swift in Sources */ = {isa = PBXBuildFile; fileRef = F94A1E751AD613DC00B1C274 /* SFRealmController.swift */; };
		F94A1E781AD6732000B1C274 /* SFOperationQueueController.swift in Sources */ = {isa = PBXBuildFile; fileRef = F94A1E771AD6732000B1C274 /* SFOperationQueueController.swift */; };
		F95203BD1ACA3DF100E49CC0 /* SFKMenu.swift in Sources */ = {isa = PBXBuildFile; fileRef = F95203BC1ACA3DF100E49CC0 /* SFKMenu.swift */; };
		F95203BF1ACA41A900E49CC0 /* SFKManage.swift in Sources */ = {isa = PBXBuildFile; fileRef = F95203BE1ACA41A900E49CC0 /* SFKManage.swift */; };
		F95203C21ACA4E0500E49CC0 /* SFKBaseObject.swift in Sources */ = {isa = PBXBuildFile; fileRef = F95203C11ACA4E0500E49CC0 /* SFKBaseObject.swift */; };
		F98ABBB11AB2CC1200D02519 /* SFBaseController.swift in Sources */ = {isa = PBXBuildFile; fileRef = F98ABBB01AB2CC1200D02519 /* SFBaseController.swift */; };
		F9B293D51AB826150066AEFC /* Default-568h@2x.png in Resources */ = {isa = PBXBuildFile; fileRef = F9B293D41AB826150066AEFC /* Default-568h@2x.png */; };
		F9BE35401AC3A6BB005A7F11 /* SFCollectionController.swift in Sources */ = {isa = PBXBuildFile; fileRef = F9BE353F1AC3A6BB005A7F11 /* SFCollectionController.swift */; };
		F9BE35431AC3B738005A7F11 /* SFCollectionDataSource.swift in Sources */ = {isa = PBXBuildFile; fileRef = F9BE35421AC3B738005A7F11 /* SFCollectionDataSource.swift */; };
		F9D69AB01ADBC0DB00B48041 /* SFTopicListController.swift in Sources */ = {isa = PBXBuildFile; fileRef = F9D69AAF1ADBC0DB00B48041 /* SFTopicListController.swift */; };
		F9D69AB21ADBC0EB00B48041 /* SFTopicComposeController.swift in Sources */ = {isa = PBXBuildFile; fileRef = F9D69AB11ADBC0EB00B48041 /* SFTopicComposeController.swift */; };
		F9D69AB41ADBC10000B48041 /* SFTopicUpdateController.swift in Sources */ = {isa = PBXBuildFile; fileRef = F9D69AB31ADBC10000B48041 /* SFTopicUpdateController.swift */; };
		F9DAAC231AD7730500413087 /* SFGCDController.swift in Sources */ = {isa = PBXBuildFile; fileRef = F9DAAC221AD7730500413087 /* SFGCDController.swift */; };
		F9DAAC271AD775CB00413087 /* SFOperation.swift in Sources */ = {isa = PBXBuildFile; fileRef = F9DAAC261AD775CB00413087 /* SFOperation.swift */; };
		F9E6D34A1ABA73C50059338E /* SFRefreshListController.swift in Sources */ = {isa = PBXBuildFile; fileRef = F9E6D3491ABA73C50059338E /* SFRefreshListController.swift */; };
		F9E6D34D1ABAA1830059338E /* SFHUDListController.swift in Sources */ = {isa = PBXBuildFile; fileRef = F9E6D34C1ABAA1830059338E /* SFHUDListController.swift */; };
		F9E9333D1AB00A0B00C5B494 /* AppDelegate.swift in Sources */ = {isa = PBXBuildFile; fileRef = F9E9333C1AB00A0B00C5B494 /* AppDelegate.swift */; };
		F9E9333F1AB00A0B00C5B494 /* SFMenuController.swift in Sources */ = {isa = PBXBuildFile; fileRef = F9E9333E1AB00A0B00C5B494 /* SFMenuController.swift */; };
		F9E9335F1AB00C2A00C5B494 /* Images.xcassets in Resources */ = {isa = PBXBuildFile; fileRef = F9E9335D1AB00C2A00C5B494 /* Images.xcassets */; };
/* End PBXBuildFile section */

/* Begin PBXFileReference section */
		3BB65EB36D628F44482DBC80 /* Pods.release.xcconfig */ = {isa = PBXFileReference; includeInIndex = 1; lastKnownFileType = text.xcconfig; name = Pods.release.xcconfig; path = "Pods/Target Support Files/Pods/Pods.release.xcconfig"; sourceTree = "<group>"; };
		53E7FB5DF96B3FFB23B50BE5 /* Pods.debug.xcconfig */ = {isa = PBXFileReference; includeInIndex = 1; lastKnownFileType = text.xcconfig; name = Pods.debug.xcconfig; path = "Pods/Target Support Files/Pods/Pods.debug.xcconfig"; sourceTree = "<group>"; };
		6FF91777C66CA8B3AEA3A477 /* Pods.framework */ = {isa = PBXFileReference; explicitFileType = wrapper.framework; includeInIndex = 0; path = Pods.framework; sourceTree = BUILT_PRODUCTS_DIR; };
		F90582671ADE042E00B48C5F /* SFKAlamofire.swift */ = {isa = PBXFileReference; fileEncoding = 4; lastKnownFileType = sourcecode.swift; path = SFKAlamofire.swift; sourceTree = "<group>"; };
		F90582691ADE046C00B48C5F /* SFKTopicDataProvider.swift */ = {isa = PBXFileReference; fileEncoding = 4; lastKnownFileType = sourcecode.swift; path = SFKTopicDataProvider.swift; sourceTree = "<group>"; };
		F905826B1ADE04AF00B48C5F /* SFKDomain.swift */ = {isa = PBXFileReference; fileEncoding = 4; lastKnownFileType = sourcecode.swift; path = SFKDomain.swift; sourceTree = "<group>"; };
		F90E38171ADCBCD30063B35D /* SFWebListController.swift */ = {isa = PBXFileReference; fileEncoding = 4; lastKnownFileType = sourcecode.swift; path = SFWebListController.swift; sourceTree = "<group>"; };
		F90E381A1ADCC71C0063B35D /* SFUIWebController.swift */ = {isa = PBXFileReference; fileEncoding = 4; lastKnownFileType = sourcecode.swift; path = SFUIWebController.swift; sourceTree = "<group>"; };
		F90E381C1ADCC73B0063B35D /* SFWKWebController.swift */ = {isa = PBXFileReference; fileEncoding = 4; lastKnownFileType = sourcecode.swift; path = SFWKWebController.swift; sourceTree = "<group>"; };
		F90E381F1ADCF7FD0063B35D /* SFTopicListCell.swift */ = {isa = PBXFileReference; fileEncoding = 4; lastKnownFileType = sourcecode.swift; path = SFTopicListCell.swift; sourceTree = "<group>"; };
		F90E38211ADD06350063B35D /* SFKTopic.swift */ = {isa = PBXFileReference; fileEncoding = 4; lastKnownFileType = sourcecode.swift; path = SFKTopic.swift; sourceTree = "<group>"; };
		F90E38231ADD1E3B0063B35D /* SFRLMResults.swift */ = {isa = PBXFileReference; fileEncoding = 4; lastKnownFileType = sourcecode.swift; path = SFRLMResults.swift; sourceTree = "<group>"; };
		F9136BBF1AB914AF00B26448 /* SFArrayDataSource.swift */ = {isa = PBXFileReference; fileEncoding = 4; lastKnownFileType = sourcecode.swift; path = SFArrayDataSource.swift; sourceTree = "<group>"; };
		F913B69C1AE49F0200A9F402 /* SFSearchListController.swift */ = {isa = PBXFileReference; fileEncoding = 4; lastKnownFileType = sourcecode.swift; path = SFSearchListController.swift; sourceTree = "<group>"; };
		F913B6A11AE4D6E900A9F402 /* SFSearchController.swift */ = {isa = PBXFileReference; fileEncoding = 4; lastKnownFileType = sourcecode.swift; path = SFSearchController.swift; sourceTree = "<group>"; };
		F913B6A31AE4DB1700A9F402 /* SFSearchDisplayController.swift */ = {isa = PBXFileReference; fileEncoding = 4; lastKnownFileType = sourcecode.swift; path = SFSearchDisplayController.swift; sourceTree = "<group>"; };
		F9233EA81AC925E2009AD3EF /* SFCollectionLayout.swift */ = {isa = PBXFileReference; fileEncoding = 4; lastKnownFileType = sourcecode.swift; path = SFCollectionLayout.swift; sourceTree = "<group>"; };
		F94800EC1ADB695900F554FE /* SFJavaScriptCoreController.swift */ = {isa = PBXFileReference; fileEncoding = 4; lastKnownFileType = sourcecode.swift; path = SFJavaScriptCoreController.swift; sourceTree = "<group>"; };
		F94800EE1ADB6A5100F554FE /* SFAlamoFireMenuController.swift */ = {isa = PBXFileReference; fileEncoding = 4; lastKnownFileType = sourcecode.swift; path = SFAlamoFireMenuController.swift; sourceTree = "<group>"; };
		F94A1E731AD611F400B1C274 /* SFNotificationCenterController.swift */ = {isa = PBXFileReference; fileEncoding = 4; lastKnownFileType = sourcecode.swift; path = SFNotificationCenterController.swift; sourceTree = "<group>"; };
		F94A1E751AD613DC00B1C274 /* SFRealmController.swift */ = {isa = PBXFileReference; fileEncoding = 4; lastKnownFileType = sourcecode.swift; path = SFRealmController.swift; sourceTree = "<group>"; };
		F94A1E771AD6732000B1C274 /* SFOperationQueueController.swift */ = {isa = PBXFileReference; fileEncoding = 4; lastKnownFileType = sourcecode.swift; path = SFOperationQueueController.swift; sourceTree = "<group>"; };
		F95203BC1ACA3DF100E49CC0 /* SFKMenu.swift */ = {isa = PBXFileReference; fileEncoding = 4; lastKnownFileType = sourcecode.swift; path = SFKMenu.swift; sourceTree = "<group>"; };
		F95203BE1ACA41A900E49CC0 /* SFKManage.swift */ = {isa = PBXFileReference; fileEncoding = 4; lastKnownFileType = sourcecode.swift; path = SFKManage.swift; sourceTree = "<group>"; };
		F95203C11ACA4E0500E49CC0 /* SFKBaseObject.swift */ = {isa = PBXFileReference; fileEncoding = 4; lastKnownFileType = sourcecode.swift; path = SFKBaseObject.swift; sourceTree = "<group>"; };
		F98ABBB01AB2CC1200D02519 /* SFBaseController.swift */ = {isa = PBXFileReference; fileEncoding = 4; lastKnownFileType = sourcecode.swift; path = SFBaseController.swift; sourceTree = "<group>"; };
		F98ABBB21AB2DCE200D02519 /* SwiftForward-Bridging-Header.h */ = {isa = PBXFileReference; fileEncoding = 4; lastKnownFileType = sourcecode.c.h; path = "SwiftForward-Bridging-Header.h"; sourceTree = "<group>"; };
		F9B293D41AB826150066AEFC /* Default-568h@2x.png */ = {isa = PBXFileReference; lastKnownFileType = image.png; path = "Default-568h@2x.png"; sourceTree = "<group>"; };
		F9BE353F1AC3A6BB005A7F11 /* SFCollectionController.swift */ = {isa = PBXFileReference; fileEncoding = 4; lastKnownFileType = sourcecode.swift; path = SFCollectionController.swift; sourceTree = "<group>"; };
		F9BE35421AC3B738005A7F11 /* SFCollectionDataSource.swift */ = {isa = PBXFileReference; fileEncoding = 4; lastKnownFileType = sourcecode.swift; path = SFCollectionDataSource.swift; sourceTree = "<group>"; };
		F9D69AAF1ADBC0DB00B48041 /* SFTopicListController.swift */ = {isa = PBXFileReference; fileEncoding = 4; lastKnownFileType = sourcecode.swift; path = SFTopicListController.swift; sourceTree = "<group>"; };
		F9D69AB11ADBC0EB00B48041 /* SFTopicComposeController.swift */ = {isa = PBXFileReference; fileEncoding = 4; lastKnownFileType = sourcecode.swift; path = SFTopicComposeController.swift; sourceTree = "<group>"; };
		F9D69AB31ADBC10000B48041 /* SFTopicUpdateController.swift */ = {isa = PBXFileReference; fileEncoding = 4; lastKnownFileType = sourcecode.swift; path = SFTopicUpdateController.swift; sourceTree = "<group>"; };
		F9DAAC221AD7730500413087 /* SFGCDController.swift */ = {isa = PBXFileReference; fileEncoding = 4; lastKnownFileType = sourcecode.swift; path = SFGCDController.swift; sourceTree = "<group>"; };
		F9DAAC261AD775CB00413087 /* SFOperation.swift */ = {isa = PBXFileReference; fileEncoding = 4; lastKnownFileType = sourcecode.swift; path = SFOperation.swift; sourceTree = "<group>"; };
		F9E6D3491ABA73C50059338E /* SFRefreshListController.swift */ = {isa = PBXFileReference; fileEncoding = 4; lastKnownFileType = sourcecode.swift; path = SFRefreshListController.swift; sourceTree = "<group>"; };
		F9E6D34B1ABA768F0059338E /* SFPrefixHeader.pch */ = {isa = PBXFileReference; lastKnownFileType = sourcecode.c.h; path = SFPrefixHeader.pch; sourceTree = "<group>"; };
		F9E6D34C1ABAA1830059338E /* SFHUDListController.swift */ = {isa = PBXFileReference; fileEncoding = 4; lastKnownFileType = sourcecode.swift; path = SFHUDListController.swift; sourceTree = "<group>"; };
		F9E933371AB00A0B00C5B494 /* SwiftForward.app */ = {isa = PBXFileReference; explicitFileType = wrapper.application; includeInIndex = 0; path = SwiftForward.app; sourceTree = BUILT_PRODUCTS_DIR; };
		F9E9333C1AB00A0B00C5B494 /* AppDelegate.swift */ = {isa = PBXFileReference; lastKnownFileType = sourcecode.swift; path = AppDelegate.swift; sourceTree = "<group>"; };
		F9E9333E1AB00A0B00C5B494 /* SFMenuController.swift */ = {isa = PBXFileReference; lastKnownFileType = sourcecode.swift; path = SFMenuController.swift; sourceTree = "<group>"; };
		F9E9335D1AB00C2A00C5B494 /* Images.xcassets */ = {isa = PBXFileReference; lastKnownFileType = folder.assetcatalog; path = Images.xcassets; sourceTree = "<group>"; };
		F9E9335E1AB00C2A00C5B494 /* Info.plist */ = {isa = PBXFileReference; fileEncoding = 4; lastKnownFileType = text.plist.xml; path = Info.plist; sourceTree = "<group>"; };
/* End PBXFileReference section */

/* Begin PBXFrameworksBuildPhase section */
		F9E933341AB00A0B00C5B494 /* Frameworks */ = {
			isa = PBXFrameworksBuildPhase;
			buildActionMask = 2147483647;
			files = (
				4B1036F80834ACA9CAAE2E9D /* Pods.framework in Frameworks */,
			);
			runOnlyForDeploymentPostprocessing = 0;
		};
/* End PBXFrameworksBuildPhase section */

/* Begin PBXGroup section */
		151B6076D6FE27581D3C7FE1 /* Pods */ = {
			isa = PBXGroup;
			children = (
				53E7FB5DF96B3FFB23B50BE5 /* Pods.debug.xcconfig */,
				3BB65EB36D628F44482DBC80 /* Pods.release.xcconfig */,
			);
			name = Pods;
			sourceTree = "<group>";
		};
		4854262AA463EB401B8879C3 /* Frameworks */ = {
			isa = PBXGroup;
			children = (
				6FF91777C66CA8B3AEA3A477 /* Pods.framework */,
			);
			name = Frameworks;
			sourceTree = "<group>";
		};
		F90E38191ADCC6F50063B35D /* WebList */ = {
			isa = PBXGroup;
			children = (
				F90E381A1ADCC71C0063B35D /* SFUIWebController.swift */,
				F90E381C1ADCC73B0063B35D /* SFWKWebController.swift */,
			);
			name = WebList;
			sourceTree = "<group>";
		};
		F90E381E1ADCF7DF0063B35D /* TopicList */ = {
			isa = PBXGroup;
			children = (
				F90E381F1ADCF7FD0063B35D /* SFTopicListCell.swift */,
			);
			name = TopicList;
			sourceTree = "<group>";
		};
		F9136BBE1AB9144300B26448 /* Extension */ = {
			isa = PBXGroup;
			children = (
				F90E38231ADD1E3B0063B35D /* SFRLMResults.swift */,
			);
			name = Extension;
			sourceTree = "<group>";
		};
		F913B6A01AE4D69D00A9F402 /* SearchList */ = {
			isa = PBXGroup;
			children = (
				F913B6A11AE4D6E900A9F402 /* SFSearchController.swift */,
				F913B6A31AE4DB1700A9F402 /* SFSearchDisplayController.swift */,
			);
			name = SearchList;
			sourceTree = "<group>";
		};
		F91506811AB2C48A00A89742 /* Application */ = {
			isa = PBXGroup;
			children = (
				F98ABBB21AB2DCE200D02519 /* SwiftForward-Bridging-Header.h */,
				F9E6D34B1ABA768F0059338E /* SFPrefixHeader.pch */,
				F9E9333C1AB00A0B00C5B494 /* AppDelegate.swift */,
			);
			name = Application;
			sourceTree = "<group>";
		};
		F91506821AB2C49600A89742 /* Controllers */ = {
			isa = PBXGroup;
			children = (
				F913B6A01AE4D69D00A9F402 /* SearchList */,
				F90E38191ADCC6F50063B35D /* WebList */,
				F9D69AAE1ADBC0AC00B48041 /* AlamoFireMenu */,
				F9DAAC241AD7758900413087 /* OperationQueue */,
				F9233EA71AC925B5009AD3EF /* CollectionView */,
				F9E9333E1AB00A0B00C5B494 /* SFMenuController.swift */,
				F9E6D3491ABA73C50059338E /* SFRefreshListController.swift */,
				F9E6D34C1ABAA1830059338E /* SFHUDListController.swift */,
				F9BE353F1AC3A6BB005A7F11 /* SFCollectionController.swift */,
				F94800EE1ADB6A5100F554FE /* SFAlamoFireMenuController.swift */,
				F94A1E751AD613DC00B1C274 /* SFRealmController.swift */,
				F94A1E731AD611F400B1C274 /* SFNotificationCenterController.swift */,
				F94A1E771AD6732000B1C274 /* SFOperationQueueController.swift */,
				F9DAAC221AD7730500413087 /* SFGCDController.swift */,
				F94800EC1ADB695900F554FE /* SFJavaScriptCoreController.swift */,
				F90E38171ADCBCD30063B35D /* SFWebListController.swift */,
				F913B69C1AE49F0200A9F402 /* SFSearchListController.swift */,
			);
			name = Controllers;
			sourceTree = "<group>";
		};
		F9233EA71AC925B5009AD3EF /* CollectionView */ = {
			isa = PBXGroup;
			children = (
				F9233EA81AC925E2009AD3EF /* SFCollectionLayout.swift */,
			);
			name = CollectionView;
			sourceTree = "<group>";
		};
		F98ABBAF1AB2CBF100D02519 /* Custom */ = {
			isa = PBXGroup;
			children = (
				F98ABBB01AB2CC1200D02519 /* SFBaseController.swift */,
				F9136BBF1AB914AF00B26448 /* SFArrayDataSource.swift */,
				F9BE35421AC3B738005A7F11 /* SFCollectionDataSource.swift */,
			);
			name = Custom;
			sourceTree = "<group>";
		};
		F99674E81ABACEB80075780C /* SwiftForwardKit */ = {
			isa = PBXGroup;
			children = (
				F905826B1ADE04AF00B48C5F /* SFKDomain.swift */,
				F9D69AAD1ADBBB5500B48041 /* Provider */,
				F9D69AAC1ADBBB4A00B48041 /* Model */,
			);
			path = SwiftForwardKit;
			sourceTree = "<group>";
		};
		F9D69AAC1ADBBB4A00B48041 /* Model */ = {
			isa = PBXGroup;
			children = (
				F95203BC1ACA3DF100E49CC0 /* SFKMenu.swift */,
				F95203BE1ACA41A900E49CC0 /* SFKManage.swift */,
				F95203C11ACA4E0500E49CC0 /* SFKBaseObject.swift */,
				F90E38211ADD06350063B35D /* SFKTopic.swift */,
			);
			name = Model;
			sourceTree = "<group>";
		};
		F9D69AAD1ADBBB5500B48041 /* Provider */ = {
			isa = PBXGroup;
			children = (
				F90582671ADE042E00B48C5F /* SFKAlamofire.swift */,
				F90582691ADE046C00B48C5F /* SFKTopicDataProvider.swift */,
			);
			name = Provider;
			sourceTree = "<group>";
		};
		F9D69AAE1ADBC0AC00B48041 /* AlamoFireMenu */ = {
			isa = PBXGroup;
			children = (
				F90E381E1ADCF7DF0063B35D /* TopicList */,
				F9D69AAF1ADBC0DB00B48041 /* SFTopicListController.swift */,
				F9D69AB11ADBC0EB00B48041 /* SFTopicComposeController.swift */,
				F9D69AB31ADBC10000B48041 /* SFTopicUpdateController.swift */,
			);
			name = AlamoFireMenu;
			sourceTree = "<group>";
		};
		F9DAAC241AD7758900413087 /* OperationQueue */ = {
			isa = PBXGroup;
			children = (
				F9DAAC261AD775CB00413087 /* SFOperation.swift */,
			);
			name = OperationQueue;
			sourceTree = "<group>";
		};
		F9E9332E1AB00A0B00C5B494 = {
			isa = PBXGroup;
			children = (
				F9B293D41AB826150066AEFC /* Default-568h@2x.png */,
				F99674E81ABACEB80075780C /* SwiftForwardKit */,
				F9E933391AB00A0B00C5B494 /* SwiftForward */,
				F9E9335C1AB00C2A00C5B494 /* Resource */,
				F9E933381AB00A0B00C5B494 /* Products */,
				151B6076D6FE27581D3C7FE1 /* Pods */,
				4854262AA463EB401B8879C3 /* Frameworks */,
			);
			sourceTree = "<group>";
		};
		F9E933381AB00A0B00C5B494 /* Products */ = {
			isa = PBXGroup;
			children = (
				F9E933371AB00A0B00C5B494 /* SwiftForward.app */,
			);
			name = Products;
			sourceTree = "<group>";
		};
		F9E933391AB00A0B00C5B494 /* SwiftForward */ = {
			isa = PBXGroup;
			children = (
				F91506811AB2C48A00A89742 /* Application */,
				F9136BBE1AB9144300B26448 /* Extension */,
				F98ABBAF1AB2CBF100D02519 /* Custom */,
				F91506821AB2C49600A89742 /* Controllers */,
			);
			path = SwiftForward;
			sourceTree = "<group>";
		};
		F9E9335C1AB00C2A00C5B494 /* Resource */ = {
			isa = PBXGroup;
			children = (
				F9E9335D1AB00C2A00C5B494 /* Images.xcassets */,
				F9E9335E1AB00C2A00C5B494 /* Info.plist */,
			);
			path = Resource;
			sourceTree = "<group>";
		};
/* End PBXGroup section */

/* Begin PBXNativeTarget section */
		F9E933361AB00A0B00C5B494 /* SwiftForward */ = {
			isa = PBXNativeTarget;
			buildConfigurationList = F9E933561AB00A0B00C5B494 /* Build configuration list for PBXNativeTarget "SwiftForward" */;
			buildPhases = (
				6CD42A6D578EE6C9C09FBEAF /* Check Pods Manifest.lock */,
				F9E933331AB00A0B00C5B494 /* Sources */,
				F9E933341AB00A0B00C5B494 /* Frameworks */,
				F9E933351AB00A0B00C5B494 /* Resources */,
				9DD2F9455E96703F0FB01976 /* Copy Pods Resources */,
				941C7FE2EFE830EB097F5A33 /* Embed Pods Frameworks */,
			);
			buildRules = (
			);
			dependencies = (
			);
			name = SwiftForward;
			productName = SwiftForward;
			productReference = F9E933371AB00A0B00C5B494 /* SwiftForward.app */;
			productType = "com.apple.product-type.application";
		};
/* End PBXNativeTarget section */

/* Begin PBXProject section */
		F9E9332F1AB00A0B00C5B494 /* Project object */ = {
			isa = PBXProject;
			attributes = {
				LastUpgradeCheck = 0620;
				ORGANIZATIONNAME = everycode;
				TargetAttributes = {
					F9E933361AB00A0B00C5B494 = {
						CreatedOnToolsVersion = 6.2;
						DevelopmentTeam = MZZM7675W5;
					};
				};
			};
			buildConfigurationList = F9E933321AB00A0B00C5B494 /* Build configuration list for PBXProject "SwiftForward" */;
			compatibilityVersion = "Xcode 3.2";
			developmentRegion = English;
			hasScannedForEncodings = 0;
			knownRegions = (
				en,
				Base,
			);
			mainGroup = F9E9332E1AB00A0B00C5B494;
			productRefGroup = F9E933381AB00A0B00C5B494 /* Products */;
			projectDirPath = "";
			projectRoot = "";
			targets = (
				F9E933361AB00A0B00C5B494 /* SwiftForward */,
			);
		};
/* End PBXProject section */

/* Begin PBXResourcesBuildPhase section */
		F9E933351AB00A0B00C5B494 /* Resources */ = {
			isa = PBXResourcesBuildPhase;
			buildActionMask = 2147483647;
			files = (
				F9E9335F1AB00C2A00C5B494 /* Images.xcassets in Resources */,
				F9B293D51AB826150066AEFC /* Default-568h@2x.png in Resources */,
			);
			runOnlyForDeploymentPostprocessing = 0;
		};
/* End PBXResourcesBuildPhase section */

/* Begin PBXShellScriptBuildPhase section */
		6CD42A6D578EE6C9C09FBEAF /* Check Pods Manifest.lock */ = {
			isa = PBXShellScriptBuildPhase;
			buildActionMask = 2147483647;
			files = (
			);
			inputPaths = (
			);
			name = "Check Pods Manifest.lock";
			outputPaths = (
			);
			runOnlyForDeploymentPostprocessing = 0;
			shellPath = /bin/sh;
			shellScript = "diff \"${PODS_ROOT}/../Podfile.lock\" \"${PODS_ROOT}/Manifest.lock\" > /dev/null\nif [[ $? != 0 ]] ; then\n    cat << EOM\nerror: The sandbox is not in sync with the Podfile.lock. Run 'pod install' or update your CocoaPods installation.\nEOM\n    exit 1\nfi\n";
			showEnvVarsInLog = 0;
		};
		941C7FE2EFE830EB097F5A33 /* Embed Pods Frameworks */ = {
			isa = PBXShellScriptBuildPhase;
			buildActionMask = 2147483647;
			files = (
			);
			inputPaths = (
			);
			name = "Embed Pods Frameworks";
			outputPaths = (
			);
			runOnlyForDeploymentPostprocessing = 0;
			shellPath = /bin/sh;
			shellScript = "\"${SRCROOT}/Pods/Target Support Files/Pods/Pods-frameworks.sh\"\n";
			showEnvVarsInLog = 0;
		};
		9DD2F9455E96703F0FB01976 /* Copy Pods Resources */ = {
			isa = PBXShellScriptBuildPhase;
			buildActionMask = 2147483647;
			files = (
			);
			inputPaths = (
			);
			name = "Copy Pods Resources";
			outputPaths = (
			);
			runOnlyForDeploymentPostprocessing = 0;
			shellPath = /bin/sh;
			shellScript = "\"${SRCROOT}/Pods/Target Support Files/Pods/Pods-resources.sh\"\n";
			showEnvVarsInLog = 0;
		};
/* End PBXShellScriptBuildPhase section */

/* Begin PBXSourcesBuildPhase section */
		F9E933331AB00A0B00C5B494 /* Sources */ = {
			isa = PBXSourcesBuildPhase;
			buildActionMask = 2147483647;
			files = (
				F905826C1ADE04AF00B48C5F /* SFKDomain.swift in Sources */,
				F9E9333F1AB00A0B00C5B494 /* SFMenuController.swift in Sources */,
				F95203BD1ACA3DF100E49CC0 /* SFKMenu.swift in Sources */,
				F94A1E781AD6732000B1C274 /* SFOperationQueueController.swift in Sources */,
				F90E38241ADD1E3B0063B35D /* SFRLMResults.swift in Sources */,
				F90E381B1ADCC71C0063B35D /* SFUIWebController.swift in Sources */,
				F913B69D1AE49F0200A9F402 /* SFSearchListController.swift in Sources */,
				F9D69AB41ADBC10000B48041 /* SFTopicUpdateController.swift in Sources */,
				F9136BC01AB914AF00B26448 /* SFArrayDataSource.swift in Sources */,
				F9DAAC271AD775CB00413087 /* SFOperation.swift in Sources */,
				F9233EA91AC925E2009AD3EF /* SFCollectionLayout.swift in Sources */,
				F95203C21ACA4E0500E49CC0 /* SFKBaseObject.swift in Sources */,
				F9D69AB21ADBC0EB00B48041 /* SFTopicComposeController.swift in Sources */,
				F913B6A41AE4DB1700A9F402 /* SFSearchDisplayController.swift in Sources */,
				F90E38201ADCF7FD0063B35D /* SFTopicListCell.swift in Sources */,
				F9E6D34A1ABA73C50059338E /* SFRefreshListController.swift in Sources */,
				F94A1E761AD613DC00B1C274 /* SFRealmController.swift in Sources */,
				F913B6A21AE4D6E900A9F402 /* SFSearchController.swift in Sources */,
				F9E9333D1AB00A0B00C5B494 /* AppDelegate.swift in Sources */,
				F9D69AB01ADBC0DB00B48041 /* SFTopicListController.swift in Sources */,
				F94800ED1ADB695900F554FE /* SFJavaScriptCoreController.swift in Sources */,
				F94800EF1ADB6A5100F554FE /* SFAlamoFireMenuController.swift in Sources */,
				F9E6D34D1ABAA1830059338E /* SFHUDListController.swift in Sources */,
				F9BE35401AC3A6BB005A7F11 /* SFCollectionController.swift in Sources */,
				F9DAAC231AD7730500413087 /* SFGCDController.swift in Sources */,
				F905826A1ADE046C00B48C5F /* SFKTopicDataProvider.swift in Sources */,
				F90E38221ADD06350063B35D /* SFKTopic.swift in Sources */,
				F95203BF1ACA41A900E49CC0 /* SFKManage.swift in Sources */,
				F94A1E741AD611F400B1C274 /* SFNotificationCenterController.swift in Sources */,
				F90E381D1ADCC73B0063B35D /* SFWKWebController.swift in Sources */,
				F98ABBB11AB2CC1200D02519 /* SFBaseController.swift in Sources */,
				F9BE35431AC3B738005A7F11 /* SFCollectionDataSource.swift in Sources */,
				F90E38181ADCBCD30063B35D /* SFWebListController.swift in Sources */,
				F90582681ADE042E00B48C5F /* SFKAlamofire.swift in Sources */,
			);
			runOnlyForDeploymentPostprocessing = 0;
		};
/* End PBXSourcesBuildPhase section */

/* Begin XCBuildConfiguration section */
		F9E933541AB00A0B00C5B494 /* Debug */ = {
			isa = XCBuildConfiguration;
			buildSettings = {
				ALWAYS_SEARCH_USER_PATHS = NO;
				CLANG_CXX_LANGUAGE_STANDARD = "gnu++0x";
				CLANG_CXX_LIBRARY = "libc++";
				CLANG_ENABLE_MODULES = YES;
				CLANG_ENABLE_OBJC_ARC = YES;
				CLANG_WARN_BOOL_CONVERSION = YES;
				CLANG_WARN_CONSTANT_CONVERSION = YES;
				CLANG_WARN_DIRECT_OBJC_ISA_USAGE = YES_ERROR;
				CLANG_WARN_EMPTY_BODY = YES;
				CLANG_WARN_ENUM_CONVERSION = YES;
				CLANG_WARN_INT_CONVERSION = YES;
				CLANG_WARN_OBJC_ROOT_CLASS = YES_ERROR;
				CLANG_WARN_UNREACHABLE_CODE = YES;
				CLANG_WARN__DUPLICATE_METHOD_MATCH = YES;
				"CODE_SIGN_IDENTITY[sdk=iphoneos*]" = "iPhone Developer";
				COPY_PHASE_STRIP = NO;
				ENABLE_STRICT_OBJC_MSGSEND = YES;
				GCC_C_LANGUAGE_STANDARD = gnu99;
				GCC_DYNAMIC_NO_PIC = NO;
				GCC_OPTIMIZATION_LEVEL = 0;
				GCC_PREPROCESSOR_DEFINITIONS = (
					"DEBUG=1",
					"$(inherited)",
				);
				GCC_SYMBOLS_PRIVATE_EXTERN = NO;
				GCC_WARN_64_TO_32_BIT_CONVERSION = YES;
				GCC_WARN_ABOUT_RETURN_TYPE = YES_ERROR;
				GCC_WARN_UNDECLARED_SELECTOR = YES;
				GCC_WARN_UNINITIALIZED_AUTOS = YES_AGGRESSIVE;
				GCC_WARN_UNUSED_FUNCTION = YES;
				GCC_WARN_UNUSED_VARIABLE = YES;
				IPHONEOS_DEPLOYMENT_TARGET = 8.2;
				MTL_ENABLE_DEBUG_INFO = YES;
				ONLY_ACTIVE_ARCH = YES;
				SDKROOT = iphoneos;
				SWIFT_OPTIMIZATION_LEVEL = "-Onone";
			};
			name = Debug;
		};
		F9E933551AB00A0B00C5B494 /* Release */ = {
			isa = XCBuildConfiguration;
			buildSettings = {
				ALWAYS_SEARCH_USER_PATHS = NO;
				CLANG_CXX_LANGUAGE_STANDARD = "gnu++0x";
				CLANG_CXX_LIBRARY = "libc++";
				CLANG_ENABLE_MODULES = YES;
				CLANG_ENABLE_OBJC_ARC = YES;
				CLANG_WARN_BOOL_CONVERSION = YES;
				CLANG_WARN_CONSTANT_CONVERSION = YES;
				CLANG_WARN_DIRECT_OBJC_ISA_USAGE = YES_ERROR;
				CLANG_WARN_EMPTY_BODY = YES;
				CLANG_WARN_ENUM_CONVERSION = YES;
				CLANG_WARN_INT_CONVERSION = YES;
				CLANG_WARN_OBJC_ROOT_CLASS = YES_ERROR;
				CLANG_WARN_UNREACHABLE_CODE = YES;
				CLANG_WARN__DUPLICATE_METHOD_MATCH = YES;
				"CODE_SIGN_IDENTITY[sdk=iphoneos*]" = "iPhone Developer";
				COPY_PHASE_STRIP = NO;
				ENABLE_NS_ASSERTIONS = NO;
				ENABLE_STRICT_OBJC_MSGSEND = YES;
				GCC_C_LANGUAGE_STANDARD = gnu99;
				GCC_WARN_64_TO_32_BIT_CONVERSION = YES;
				GCC_WARN_ABOUT_RETURN_TYPE = YES_ERROR;
				GCC_WARN_UNDECLARED_SELECTOR = YES;
				GCC_WARN_UNINITIALIZED_AUTOS = YES_AGGRESSIVE;
				GCC_WARN_UNUSED_FUNCTION = YES;
				GCC_WARN_UNUSED_VARIABLE = YES;
				IPHONEOS_DEPLOYMENT_TARGET = 8.2;
				MTL_ENABLE_DEBUG_INFO = NO;
				SDKROOT = iphoneos;
				VALIDATE_PRODUCT = YES;
			};
			name = Release;
		};
		F9E933571AB00A0B00C5B494 /* Debug */ = {
			isa = XCBuildConfiguration;
			baseConfigurationReference = 53E7FB5DF96B3FFB23B50BE5 /* Pods.debug.xcconfig */;
			buildSettings = {
				ASSETCATALOG_COMPILER_APPICON_NAME = AppIcon;
				CODE_SIGN_IDENTITY = "iPhone Developer";
				DEFINES_MODULE = NO;
				GCC_PRECOMPILE_PREFIX_HEADER = YES;
				GCC_PREFIX_HEADER = "$(SRCROOT)/SwiftForward/SFPrefixHeader.h";
				INFOPLIST_FILE = Resource/Info.plist;
				IPHONEOS_DEPLOYMENT_TARGET = 8.0;
				LD_RUNPATH_SEARCH_PATHS = "$(inherited) @executable_path/Frameworks";
				PRODUCT_NAME = "$(TARGET_NAME)";
				SWIFT_OBJC_BRIDGING_HEADER = "$(SRCROOT)/SwiftForward/SwiftForward-Bridging-Header.h";
			};
			name = Debug;
		};
		F9E933581AB00A0B00C5B494 /* Release */ = {
			isa = XCBuildConfiguration;
			baseConfigurationReference = 3BB65EB36D628F44482DBC80 /* Pods.release.xcconfig */;
			buildSettings = {
				ASSETCATALOG_COMPILER_APPICON_NAME = AppIcon;
				CODE_SIGN_IDENTITY = "iPhone Developer";
				DEFINES_MODULE = NO;
				GCC_PRECOMPILE_PREFIX_HEADER = YES;
				GCC_PREFIX_HEADER = "$(SRCROOT)/SwiftForward/SFPrefixHeader.h";
				INFOPLIST_FILE = Resource/Info.plist;
				IPHONEOS_DEPLOYMENT_TARGET = 8.0;
				LD_RUNPATH_SEARCH_PATHS = "$(inherited) @executable_path/Frameworks";
				PRODUCT_NAME = "$(TARGET_NAME)";
				SWIFT_OBJC_BRIDGING_HEADER = "$(SRCROOT)/SwiftForward/SwiftForward-Bridging-Header.h";
			};
			name = Release;
		};
/* End XCBuildConfiguration section */

/* Begin XCConfigurationList section */
		F9E933321AB00A0B00C5B494 /* Build configuration list for PBXProject "SwiftForward" */ = {
			isa = XCConfigurationList;
			buildConfigurations = (
				F9E933541AB00A0B00C5B494 /* Debug */,
				F9E933551AB00A0B00C5B494 /* Release */,
			);
			defaultConfigurationIsVisible = 0;
			defaultConfigurationName = Release;
		};
		F9E933561AB00A0B00C5B494 /* Build configuration list for PBXNativeTarget "SwiftForward" */ = {
			isa = XCConfigurationList;
			buildConfigurations = (
				F9E933571AB00A0B00C5B494 /* Debug */,
				F9E933581AB00A0B00C5B494 /* Release */,
			);
			defaultConfigurationIsVisible = 0;
			defaultConfigurationName = Release;
		};
/* End XCConfigurationList section */
	};
	rootObject = F9E9332F1AB00A0B00C5B494 /* Project object */;
}
