PODS:
  - Alamofire (1.2.0)
  - Cartography (0.5.0)
  - CBStoreHouseRefreshControl (1.0)
  - OpenUDID (1.0.0)
  - Realm (0.90.6):
    - Realm/Headers (= 0.90.6)
  - Realm/Headers (0.90.6)
  - SDWebImage (3.7.1):
    - SDWebImage/Core (= 3.7.1)
  - SDWebImage/Core (3.7.1)
  - Spring (1.0.3)
  - SVProgressHUD (HEAD based on 1.1.2)
  - SwiftyJSON (2.1.3)
  - VKit (0.1.0)

DEPENDENCIES:
  - Alamofire (from `git@github.com:Alamofire/Alamofire.git`)
  - Cartography (from `git@github.com:robb/Cartography.git`)
  - CBStoreHouseRefreshControl
  - OpenUDID
  - Realm (~> 0.90.6)
  - SDWebImage
  - Spring (from `git@github.com:MengTo/Spring.git`)
  - SVProgressHUD (HEAD)
  - SwiftyJSON (from `https://github.com/SwiftyJSON/SwiftyJSON.git`, branch `xcode6.3`)
  - VKit (from `git@github.com:viczy/VKit.git`)

EXTERNAL SOURCES:
  Alamofire:
    :git: git@github.com:Alamofire/Alamofire.git
  Cartography:
    :git: git@github.com:robb/Cartography.git
  Spring:
    :git: git@github.com:MengTo/Spring.git
  SwiftyJSON:
    :branch: xcode6.3
    :git: https://github.com/SwiftyJSON/SwiftyJSON.git
  VKit:
    :git: git@github.com:viczy/VKit.git

CHECKOUT OPTIONS:
  Alamofire:
    :commit: 6d1238d9ac9032980c27843fc27015d8db121cdd
    :git: git@github.com:Alamofire/Alamofire.git
  Cartography:
    :commit: c64b6dbef6bb085784c20c3b40165df1ec993779
    :git: git@github.com:robb/Cartography.git
  Spring:
    :commit: e4c8c09b96b68d1bc6dc64f3c388f018748ad33a
    :git: git@github.com:MengTo/Spring.git
  SwiftyJSON:
    :commit: 008a09d7ea8b13c03fb59b35c01aad339584a5e1
    :git: https://github.com/SwiftyJSON/SwiftyJSON.git
  VKit:
    :commit: d82dff9d8c6d2174bb99ef50dd984e665f942149
    :git: git@github.com:viczy/VKit.git

SPEC CHECKSUMS:
  Alamofire: d765c5c1713aa64106b0228aaa600a1e6851f68d
  Cartography: 774e5cc446f5a6bca5d4345c5aa6af9a1fe74dc6
  CBStoreHouseRefreshControl: 3c67731fe57aff3ccd2a151c9d13a6f2aed8a11e
  OpenUDID: 5a23b7477755efc2d7871b57aa79ba3089c40b74
  Realm: 6c3facc11964ab9f828f47de6d0e9bf9c4d9c818
  SDWebImage: 116e88633b5b416ea0ca4b334a4ac59cf72dd38d
  Spring: 3f02b5dc3308572ef177b3cad0fa7bbc4b0706f7
  SVProgressHUD: da7a49e789af645d9279ffbca62318945a832438
  SwiftyJSON: a561c2a840121085bec8a2dfeac97a360fc66901
  VKit: 9699828f15561ebc99d91c12ffc71818417a4b13

COCOAPODS: 0.36.0
